// !$*UTF8*$!
{
	archiveVersion = 1;
	classes = {
	};
	objectVersion = 55;
	objects = {

/* Begin PBXBuildFile section */
		339D654627ED9E7000672A71 /* AppDelegate.swift in Sources */ = {isa = PBXBuildFile; fileRef = 339D654527ED9E7000672A71 /* AppDelegate.swift */; };
		339D654F27ED9E7100672A71 /* Assets.xcassets in Resources */ = {isa = PBXBuildFile; fileRef = 339D654E27ED9E7100672A71 /* Assets.xcassets */; };
		339D655227ED9E7100672A71 /* LaunchScreen.storyboard in Resources */ = {isa = PBXBuildFile; fileRef = 339D655027ED9E7100672A71 /* LaunchScreen.storyboard */; };
		339D656027ED9F7500672A71 /* Video.swift in Sources */ = {isa = PBXBuildFile; fileRef = 339D655927ED9F7500672A71 /* Video.swift */; };
		339D656127ED9F7500672A71 /* ImageHandling.swift in Sources */ = {isa = PBXBuildFile; fileRef = 339D655A27ED9F7500672A71 /* ImageHandling.swift */; };
		339D656227ED9F7500672A71 /* Main.storyboard in Resources */ = {isa = PBXBuildFile; fileRef = 339D655B27ED9F7500672A71 /* Main.storyboard */; };
		339D656327ED9F7500672A71 /* VideoCell.swift in Sources */ = {isa = PBXBuildFile; fileRef = 339D655C27ED9F7500672A71 /* VideoCell.swift */; };
		339D656427ED9F7500672A71 /* SceneDelegate.swift in Sources */ = {isa = PBXBuildFile; fileRef = 339D655D27ED9F7500672A71 /* SceneDelegate.swift */; };
		339D656527ED9F7500672A71 /* VideoListScreen.swift in Sources */ = {isa = PBXBuildFile; fileRef = 339D655E27ED9F7500672A71 /* VideoListScreen.swift */; };
		339D656627ED9F7500672A71 /* LaunchScreen.storyboard in Resources */ = {isa = PBXBuildFile; fileRef = 339D655F27ED9F7500672A71 /* LaunchScreen.storyboard */; };
		7B0E84A8F86627451F5FE2F4 /* Pods_TableView_Swipe_ImagePicker_.framework in Frameworks */ = {isa = PBXBuildFile; fileRef = 2AB2A617ED4F7EA94BB6E04F /* Pods_TableView_Swipe_ImagePicker_.framework */; };
/* End PBXBuildFile section */

/* Begin PBXFileReference section */
		2AB2A617ED4F7EA94BB6E04F /* Pods_TableView_Swipe_ImagePicker_.framework */ = {isa = PBXFileReference; explicitFileType = wrapper.framework; includeInIndex = 0; path = Pods_TableView_Swipe_ImagePicker_.framework; sourceTree = BUILT_PRODUCTS_DIR; };
		339D654227ED9E7000672A71 /* TableView_Swipe_ImagePicker_.app */ = {isa = PBXFileReference; explicitFileType = wrapper.application; includeInIndex = 0; path = TableView_Swipe_ImagePicker_.app; sourceTree = BUILT_PRODUCTS_DIR; };
		339D654527ED9E7000672A71 /* AppDelegate.swift */ = {isa = PBXFileReference; lastKnownFileType = sourcecode.swift; path = AppDelegate.swift; sourceTree = "<group>"; };
		339D654E27ED9E7100672A71 /* Assets.xcassets */ = {isa = PBXFileReference; lastKnownFileType = folder.assetcatalog; path = Assets.xcassets; sourceTree = "<group>"; };
		339D655127ED9E7100672A71 /* Base */ = {isa = PBXFileReference; lastKnownFileType = file.storyboard; name = Base; path = Base.lproj/LaunchScreen.storyboard; sourceTree = "<group>"; };
		339D655327ED9E7100672A71 /* Info.plist */ = {isa = PBXFileReference; lastKnownFileType = text.plist.xml; path = Info.plist; sourceTree = "<group>"; };
		339D655927ED9F7500672A71 /* Video.swift */ = {isa = PBXFileReference; fileEncoding = 4; lastKnownFileType = sourcecode.swift; path = Video.swift; sourceTree = "<group>"; };
		339D655A27ED9F7500672A71 /* ImageHandling.swift */ = {isa = PBXFileReference; fileEncoding = 4; lastKnownFileType = sourcecode.swift; path = ImageHandling.swift; sourceTree = "<group>"; };
		339D655B27ED9F7500672A71 /* Main.storyboard */ = {isa = PBXFileReference; fileEncoding = 4; lastKnownFileType = file.storyboard; path = Main.storyboard; sourceTree = "<group>"; };
		339D655C27ED9F7500672A71 /* VideoCell.swift */ = {isa = PBXFileReference; fileEncoding = 4; lastKnownFileType = sourcecode.swift; path = VideoCell.swift; sourceTree = "<group>"; };
		339D655D27ED9F7500672A71 /* SceneDelegate.swift */ = {isa = PBXFileReference; fileEncoding = 4; lastKnownFileType = sourcecode.swift; path = SceneDelegate.swift; sourceTree = "<group>"; };
		339D655E27ED9F7500672A71 /* VideoListScreen.swift */ = {isa = PBXFileReference; fileEncoding = 4; lastKnownFileType = sourcecode.swift; path = VideoListScreen.swift; sourceTree = "<group>"; };
		339D655F27ED9F7500672A71 /* LaunchScreen.storyboard */ = {isa = PBXFileReference; fileEncoding = 4; lastKnownFileType = file.storyboard; path = LaunchScreen.storyboard; sourceTree = "<group>"; };
		70D6DC9D39562BA15B95DA20 /* Pods-TableView_Swipe_ImagePicker_.release.xcconfig */ = {isa = PBXFileReference; includeInIndex = 1; lastKnownFileType = text.xcconfig; name = "Pods-TableView_Swipe_ImagePicker_.release.xcconfig"; path = "Target Support Files/Pods-TableView_Swipe_ImagePicker_/Pods-TableView_Swipe_ImagePicker_.release.xcconfig"; sourceTree = "<group>"; };
		CA9A110B8037F390F6B3F2D7 /* Pods-TableView_Swipe_ImagePicker_.debug.xcconfig */ = {isa = PBXFileReference; includeInIndex = 1; lastKnownFileType = text.xcconfig; name = "Pods-TableView_Swipe_ImagePicker_.debug.xcconfig"; path = "Target Support Files/Pods-TableView_Swipe_ImagePicker_/Pods-TableView_Swipe_ImagePicker_.debug.xcconfig"; sourceTree = "<group>"; };
/* End PBXFileReference section */

/* Begin PBXFrameworksBuildPhase section */
		339D653F27ED9E7000672A71 /* Frameworks */ = {
			isa = PBXFrameworksBuildPhase;
			buildActionMask = 2147483647;
			files = (
				7B0E84A8F86627451F5FE2F4 /* Pods_TableView_Swipe_ImagePicker_.framework in Frameworks */,
			);
			runOnlyForDeploymentPostprocessing = 0;
		};
/* End PBXFrameworksBuildPhase section */

/* Begin PBXGroup section */
		339D653927ED9E7000672A71 = {
			isa = PBXGroup;
			children = (
				339D654427ED9E7000672A71 /* TableView_Swipe_ImagePicker_ */,
				339D654327ED9E7000672A71 /* Products */,
				EF23838AEDD806043282E73F /* Pods */,
				991C614BEED4ADBFA41DEDC0 /* Frameworks */,
			);
			sourceTree = "<group>";
		};
		339D654327ED9E7000672A71 /* Products */ = {
			isa = PBXGroup;
			children = (
				339D654227ED9E7000672A71 /* TableView_Swipe_ImagePicker_.app */,
			);
			name = Products;
			sourceTree = "<group>";
		};
		339D654427ED9E7000672A71 /* TableView_Swipe_ImagePicker_ */ = {
			isa = PBXGroup;
			children = (
				339D655A27ED9F7500672A71 /* ImageHandling.swift */,
				339D655F27ED9F7500672A71 /* LaunchScreen.storyboard */,
				339D655B27ED9F7500672A71 /* Main.storyboard */,
				339D655D27ED9F7500672A71 /* SceneDelegate.swift */,
				339D655927ED9F7500672A71 /* Video.swift */,
				339D655C27ED9F7500672A71 /* VideoCell.swift */,
				339D655E27ED9F7500672A71 /* VideoListScreen.swift */,
				339D654527ED9E7000672A71 /* AppDelegate.swift */,
				339D654E27ED9E7100672A71 /* Assets.xcassets */,
				339D655027ED9E7100672A71 /* LaunchScreen.storyboard */,
				339D655327ED9E7100672A71 /* Info.plist */,
			);
			path = TableView_Swipe_ImagePicker_;
			sourceTree = "<group>";
		};
		991C614BEED4ADBFA41DEDC0 /* Frameworks */ = {
			isa = PBXGroup;
			children = (
				2AB2A617ED4F7EA94BB6E04F /* Pods_TableView_Swipe_ImagePicker_.framework */,
			);
			name = Frameworks;
			sourceTree = "<group>";
		};
		EF23838AEDD806043282E73F /* Pods */ = {
			isa = PBXGroup;
			children = (
				CA9A110B8037F390F6B3F2D7 /* Pods-TableView_Swipe_ImagePicker_.debug.xcconfig */,
				70D6DC9D39562BA15B95DA20 /* Pods-TableView_Swipe_ImagePicker_.release.xcconfig */,
			);
			name = Pods;
			path = Pods;
			sourceTree = "<group>";
		};
/* End PBXGroup section */

/* Begin PBXNativeTarget section */
		339D654127ED9E7000672A71 /* TableView_Swipe_ImagePicker_ */ = {
			isa = PBXNativeTarget;
			buildConfigurationList = 339D655627ED9E7100672A71 /* Build configuration list for PBXNativeTarget "TableView_Swipe_ImagePicker_" */;
			buildPhases = (
				10B46C712AE2D3688B25ACD0 /* [CP] Check Pods Manifest.lock */,
				339D653E27ED9E7000672A71 /* Sources */,
				339D653F27ED9E7000672A71 /* Frameworks */,
				339D654027ED9E7000672A71 /* Resources */,
				18403C4DB2CBECAFD07D4A00 /* [CP] Embed Pods Frameworks */,
			);
			buildRules = (
			);
			dependencies = (
			);
			name = TableView_Swipe_ImagePicker_;
			productName = TableView_Swipe_ImagePicker_;
			productReference = 339D654227ED9E7000672A71 /* TableView_Swipe_ImagePicker_.app */;
			productType = "com.apple.product-type.application";
		};
/* End PBXNativeTarget section */

/* Begin PBXProject section */
		339D653A27ED9E7000672A71 /* Project object */ = {
			isa = PBXProject;
			attributes = {
				BuildIndependentTargetsInParallel = 1;
				LastSwiftUpdateCheck = 1320;
				LastUpgradeCheck = 1320;
				TargetAttributes = {
					339D654127ED9E7000672A71 = {
						CreatedOnToolsVersion = 13.2.1;
					};
				};
			};
			buildConfigurationList = 339D653D27ED9E7000672A71 /* Build configuration list for PBXProject "TableView_Swipe_ImagePicker_" */;
			compatibilityVersion = "Xcode 13.0";
			developmentRegion = en;
			hasScannedForEncodings = 0;
			knownRegions = (
				en,
				Base,
			);
			mainGroup = 339D653927ED9E7000672A71;
			productRefGroup = 339D654327ED9E7000672A71 /* Products */;
			projectDirPath = "";
			projectRoot = "";
			targets = (
				339D654127ED9E7000672A71 /* TableView_Swipe_ImagePicker_ */,
			);
		};
/* End PBXProject section */

/* Begin PBXResourcesBuildPhase section */
		339D654027ED9E7000672A71 /* Resources */ = {
			isa = PBXResourcesBuildPhase;
			buildActionMask = 2147483647;
			files = (
				339D656227ED9F7500672A71 /* Main.storyboard in Resources */,
				339D656627ED9F7500672A71 /* LaunchScreen.storyboard in Resources */,
				339D655227ED9E7100672A71 /* LaunchScreen.storyboard in Resources */,
				339D654F27ED9E7100672A71 /* Assets.xcassets in Resources */,
			);
			runOnlyForDeploymentPostprocessing = 0;
		};
/* End PBXResourcesBuildPhase section */

/* Begin PBXShellScriptBuildPhase section */
		10B46C712AE2D3688B25ACD0 /* [CP] Check Pods Manifest.lock */ = {
			isa = PBXShellScriptBuildPhase;
			buildActionMask = 2147483647;
			files = (
			);
			inputFileListPaths = (
			);
			inputPaths = (
				"${PODS_PODFILE_DIR_PATH}/Podfile.lock",
				"${PODS_ROOT}/Manifest.lock",
			);
			name = "[CP] Check Pods Manifest.lock";
			outputFileListPaths = (
			);
			outputPaths = (
				"$(DERIVED_FILE_DIR)/Pods-TableView_Swipe_ImagePicker_-checkManifestLockResult.txt",
			);
			runOnlyForDeploymentPostprocessing = 0;
			shellPath = /bin/sh;
			shellScript = "diff \"${PODS_PODFILE_DIR_PATH}/Podfile.lock\" \"${PODS_ROOT}/Manifest.lock\" > /dev/null\nif [ $? != 0 ] ; then\n    # print error to STDERR\n    echo \"error: The sandbox is not in sync with the Podfile.lock. Run 'pod install' or update your CocoaPods installation.\" >&2\n    exit 1\nfi\n# This output is used by Xcode 'outputs' to avoid re-running this script phase.\necho \"SUCCESS\" > \"${SCRIPT_OUTPUT_FILE_0}\"\n";
			showEnvVarsInLog = 0;
		};
		18403C4DB2CBECAFD07D4A00 /* [CP] Embed Pods Frameworks */ = {
			isa = PBXShellScriptBuildPhase;
			buildActionMask = 2147483647;
			files = (
			);
			inputFileListPaths = (
				"${PODS_ROOT}/Target Support Files/Pods-TableView_Swipe_ImagePicker_/Pods-TableView_Swipe_ImagePicker_-frameworks-${CONFIGURATION}-input-files.xcfilelist",
			);
			name = "[CP] Embed Pods Frameworks";
			outputFileListPaths = (
				"${PODS_ROOT}/Target Support Files/Pods-TableView_Swipe_ImagePicker_/Pods-TableView_Swipe_ImagePicker_-frameworks-${CONFIGURATION}-output-files.xcfilelist",
			);
			runOnlyForDeploymentPostprocessing = 0;
			shellPath = /bin/sh;
			shellScript = "\"${PODS_ROOT}/Target Support Files/Pods-TableView_Swipe_ImagePicker_/Pods-TableView_Swipe_ImagePicker_-frameworks.sh\"\n";
			showEnvVarsInLog = 0;
		};
/* End PBXShellScriptBuildPhase section */

/* Begin PBXSourcesBuildPhase section */
		339D653E27ED9E7000672A71 /* Sources */ = {
			isa = PBXSourcesBuildPhase;
			buildActionMask = 2147483647;
			files = (
				339D656427ED9F7500672A71 /* SceneDelegate.swift in Sources */,
				339D656527ED9F7500672A71 /* VideoListScreen.swift in Sources */,
				339D654627ED9E7000672A71 /* AppDelegate.swift in Sources */,
				339D656327ED9F7500672A71 /* VideoCell.swift in Sources */,
				339D656027ED9F7500672A71 /* Video.swift in Sources */,
				339D656127ED9F7500672A71 /* ImageHandling.swift in Sources */,
			);
			runOnlyForDeploymentPostprocessing = 0;
		};
/* End PBXSourcesBuildPhase section */

/* Begin PBXVariantGroup section */
		339D655027ED9E7100672A71 /* LaunchScreen.storyboard */ = {
			isa = PBXVariantGroup;
			children = (
				339D655127ED9E7100672A71 /* Base */,
			);
			name = LaunchScreen.storyboard;
			sourceTree = "<group>";
		};
/* End PBXVariantGroup section */

/* Begin XCBuildConfiguration section */
		339D655427ED9E7100672A71 /* Debug */ = {
			isa = XCBuildConfiguration;
			buildSettings = {
				ALWAYS_SEARCH_USER_PATHS = NO;
				CLANG_ANALYZER_NONNULL = YES;
				CLANG_ANALYZER_NUMBER_OBJECT_CONVERSION = YES_AGGRESSIVE;
				CLANG_CXX_LANGUAGE_STANDARD = "gnu++17";
				CLANG_CXX_LIBRARY = "libc++";
				CLANG_ENABLE_MODULES = YES;
				CLANG_ENABLE_OBJC_ARC = YES;
				CLANG_ENABLE_OBJC_WEAK = YES;
				CLANG_WARN_BLOCK_CAPTURE_AUTORELEASING = YES;
				CLANG_WARN_BOOL_CONVERSION = YES;
				CLANG_WARN_COMMA = YES;
				CLANG_WARN_CONSTANT_CONVERSION = YES;
				CLANG_WARN_DEPRECATED_OBJC_IMPLEMENTATIONS = YES;
				CLANG_WARN_DIRECT_OBJC_ISA_USAGE = YES_ERROR;
				CLANG_WARN_DOCUMENTATION_COMMENTS = YES;
				CLANG_WARN_EMPTY_BODY = YES;
				CLANG_WARN_ENUM_CONVERSION = YES;
				CLANG_WARN_INFINITE_RECURSION = YES;
				CLANG_WARN_INT_CONVERSION = YES;
				CLANG_WARN_NON_LITERAL_NULL_CONVERSION = YES;
				CLANG_WARN_OBJC_IMPLICIT_RETAIN_SELF = YES;
				CLANG_WARN_OBJC_LITERAL_CONVERSION = YES;
				CLANG_WARN_OBJC_ROOT_CLASS = YES_ERROR;
				CLANG_WARN_QUOTED_INCLUDE_IN_FRAMEWORK_HEADER = YES;
				CLANG_WARN_RANGE_LOOP_ANALYSIS = YES;
				CLANG_WARN_STRICT_PROTOTYPES = YES;
				CLANG_WARN_SUSPICIOUS_MOVE = YES;
				CLANG_WARN_UNGUARDED_AVAILABILITY = YES_AGGRESSIVE;
				CLANG_WARN_UNREACHABLE_CODE = YES;
				CLANG_WARN__DUPLICATE_METHOD_MATCH = YES;
				COPY_PHASE_STRIP = NO;
				DEBUG_INFORMATION_FORMAT = dwarf;
				ENABLE_STRICT_OBJC_MSGSEND = YES;
				ENABLE_TESTABILITY = YES;
				GCC_C_LANGUAGE_STANDARD = gnu11;
				GCC_DYNAMIC_NO_PIC = NO;
				GCC_NO_COMMON_BLOCKS = YES;
				GCC_OPTIMIZATION_LEVEL = 0;
				GCC_PREPROCESSOR_DEFINITIONS = (
					"DEBUG=1",
					"$(inherited)",
				);
				GCC_WARN_64_TO_32_BIT_CONVERSION = YES;
				GCC_WARN_ABOUT_RETURN_TYPE = YES_ERROR;
				GCC_WARN_UNDECLARED_SELECTOR = YES;
				GCC_WARN_UNINITIALIZED_AUTOS = YES_AGGRESSIVE;
				GCC_WARN_UNUSED_FUNCTION = YES;
				GCC_WARN_UNUSED_VARIABLE = YES;
				IPHONEOS_DEPLOYMENT_TARGET = 15.2;
				MTL_ENABLE_DEBUG_INFO = INCLUDE_SOURCE;
				MTL_FAST_MATH = YES;
				ONLY_ACTIVE_ARCH = YES;
				SDKROOT = iphoneos;
				SWIFT_ACTIVE_COMPILATION_CONDITIONS = DEBUG;
				SWIFT_OPTIMIZATION_LEVEL = "-Onone";
			};
			name = Debug;
		};
		339D655527ED9E7100672A71 /* Release */ = {
			isa = XCBuildConfiguration;
			buildSettings = {
				ALWAYS_SEARCH_USER_PATHS = NO;
				CLANG_ANALYZER_NONNULL = YES;
				CLANG_ANALYZER_NUMBER_OBJECT_CONVERSION = YES_AGGRESSIVE;
				CLANG_CXX_LANGUAGE_STANDARD = "gnu++17";
				CLANG_CXX_LIBRARY = "libc++";
				CLANG_ENABLE_MODULES = YES;
				CLANG_ENABLE_OBJC_ARC = YES;
				CLANG_ENABLE_OBJC_WEAK = YES;
				CLANG_WARN_BLOCK_CAPTURE_AUTORELEASING = YES;
				CLANG_WARN_BOOL_CONVERSION = YES;
				CLANG_WARN_COMMA = YES;
				CLANG_WARN_CONSTANT_CONVERSION = YES;
				CLANG_WARN_DEPRECATED_OBJC_IMPLEMENTATIONS = YES;
				CLANG_WARN_DIRECT_OBJC_ISA_USAGE = YES_ERROR;
				CLANG_WARN_DOCUMENTATION_COMMENTS = YES;
				CLANG_WARN_EMPTY_BODY = YES;
				CLANG_WARN_ENUM_CONVERSION = YES;
				CLANG_WARN_INFINITE_RECURSION = YES;
				CLANG_WARN_INT_CONVERSION = YES;
				CLANG_WARN_NON_LITERAL_NULL_CONVERSION = YES;
				CLANG_WARN_OBJC_IMPLICIT_RETAIN_SELF = YES;
				CLANG_WARN_OBJC_LITERAL_CONVERSION = YES;
				CLANG_WARN_OBJC_ROOT_CLASS = YES_ERROR;
				CLANG_WARN_QUOTED_INCLUDE_IN_FRAMEWORK_HEADER = YES;
				CLANG_WARN_RANGE_LOOP_ANALYSIS = YES;
				CLANG_WARN_STRICT_PROTOTYPES = YES;
				CLANG_WARN_SUSPICIOUS_MOVE = YES;
				CLANG_WARN_UNGUARDED_AVAILABILITY = YES_AGGRESSIVE;
				CLANG_WARN_UNREACHABLE_CODE = YES;
				CLANG_WARN__DUPLICATE_METHOD_MATCH = YES;
				COPY_PHASE_STRIP = NO;
				DEBUG_INFORMATION_FORMAT = "dwarf-with-dsym";
				ENABLE_NS_ASSERTIONS = NO;
				ENABLE_STRICT_OBJC_MSGSEND = YES;
				GCC_C_LANGUAGE_STANDARD = gnu11;
				GCC_NO_COMMON_BLOCKS = YES;
				GCC_WARN_64_TO_32_BIT_CONVERSION = YES;
				GCC_WARN_ABOUT_RETURN_TYPE = YES_ERROR;
				GCC_WARN_UNDECLARED_SELECTOR = YES;
				GCC_WARN_UNINITIALIZED_AUTOS = YES_AGGRESSIVE;
				GCC_WARN_UNUSED_FUNCTION = YES;
				GCC_WARN_UNUSED_VARIABLE = YES;
				IPHONEOS_DEPLOYMENT_TARGET = 15.2;
				MTL_ENABLE_DEBUG_INFO = NO;
				MTL_FAST_MATH = YES;
				SDKROOT = iphoneos;
				SWIFT_COMPILATION_MODE = wholemodule;
				SWIFT_OPTIMIZATION_LEVEL = "-O";
				VALIDATE_PRODUCT = YES;
			};
			name = Release;
		};
		339D655727ED9E7100672A71 /* Debug */ = {
			isa = XCBuildConfiguration;
			baseConfigurationReference = CA9A110B8037F390F6B3F2D7 /* Pods-TableView_Swipe_ImagePicker_.debug.xcconfig */;
			buildSettings = {
				ASSETCATALOG_COMPILER_APPICON_NAME = AppIcon;
				ASSETCATALOG_COMPILER_GLOBAL_ACCENT_COLOR_NAME = AccentColor;
				CODE_SIGN_STYLE = Automatic;
				CURRENT_PROJECT_VERSION = 1;
				DEVELOPMENT_TEAM = 3N8C7YG642;
				GENERATE_INFOPLIST_FILE = YES;
				INFOPLIST_FILE = TableView_Swipe_ImagePicker_/Info.plist;
				INFOPLIST_KEY_UIApplicationSupportsIndirectInputEvents = YES;
				INFOPLIST_KEY_UILaunchStoryboardName = LaunchScreen;
				INFOPLIST_KEY_UIMainStoryboardFile = Main;
				INFOPLIST_KEY_UISupportedInterfaceOrientations_iPad = "UIInterfaceOrientationPortrait UIInterfaceOrientationPortraitUpsideDown UIInterfaceOrientationLandscapeLeft UIInterfaceOrientationLandscapeRight";
				INFOPLIST_KEY_UISupportedInterfaceOrientations_iPhone = "UIInterfaceOrientationPortrait UIInterfaceOrientationLandscapeLeft UIInterfaceOrientationLandscapeRight";
				LD_RUNPATH_SEARCH_PATHS = (
					"$(inherited)",
					"@executable_path/Frameworks",
				);
				MARKETING_VERSION = 1.0;
				PRODUCT_BUNDLE_IDENTIFIER = "com.yasser159.customTableViewCell.tableviewImagePicker.TableView-Swipe-ImagePicker-";
				PRODUCT_NAME = "$(TARGET_NAME)";
				SWIFT_EMIT_LOC_STRINGS = YES;
				SWIFT_VERSION = 5.0;
				TARGETED_DEVICE_FAMILY = "1,2";
			};
			name = Debug;
		};
		339D655827ED9E7100672A71 /* Release */ = {
			isa = XCBuildConfiguration;
			baseConfigurationReference = 70D6DC9D39562BA15B95DA20 /* Pods-TableView_Swipe_ImagePicker_.release.xcconfig */;
			buildSettings = {
				ASSETCATALOG_COMPILER_APPICON_NAME = AppIcon;
				ASSETCATALOG_COMPILER_GLOBAL_ACCENT_COLOR_NAME = AccentColor;
				CODE_SIGN_STYLE = Automatic;
				CURRENT_PROJECT_VERSION = 1;
				DEVELOPMENT_TEAM = 3N8C7YG642;
				GENERATE_INFOPLIST_FILE = YES;
				INFOPLIST_FILE = TableView_Swipe_ImagePicker_/Info.plist;
				INFOPLIST_KEY_UIApplicationSupportsIndirectInputEvents = YES;
				INFOPLIST_KEY_UILaunchStoryboardName = LaunchScreen;
				INFOPLIST_KEY_UIMainStoryboardFile = Main;
				INFOPLIST_KEY_UISupportedInterfaceOrientations_iPad = "UIInterfaceOrientationPortrait UIInterfaceOrientationPortraitUpsideDown UIInterfaceOrientationLandscapeLeft UIInterfaceOrientationLandscapeRight";
				INFOPLIST_KEY_UISupportedInterfaceOrientations_iPhone = "UIInterfaceOrientationPortrait UIInterfaceOrientationLandscapeLeft UIInterfaceOrientationLandscapeRight";
				LD_RUNPATH_SEARCH_PATHS = (
					"$(inherited)",
					"@executable_path/Frameworks",
				);
				MARKETING_VERSION = 1.0;
				PRODUCT_BUNDLE_IDENTIFIER = "com.yasser159.customTableViewCell.tableviewImagePicker.TableView-Swipe-ImagePicker-";
				PRODUCT_NAME = "$(TARGET_NAME)";
				SWIFT_EMIT_LOC_STRINGS = YES;
				SWIFT_VERSION = 5.0;
				TARGETED_DEVICE_FAMILY = "1,2";
			};
			name = Release;
		};
/* End XCBuildConfiguration section */

/* Begin XCConfigurationList section */
		339D653D27ED9E7000672A71 /* Build configuration list for PBXProject "TableView_Swipe_ImagePicker_" */ = {
			isa = XCConfigurationList;
			buildConfigurations = (
				339D655427ED9E7100672A71 /* Debug */,
				339D655527ED9E7100672A71 /* Release */,
			);
			defaultConfigurationIsVisible = 0;
			defaultConfigurationName = Release;
		};
		339D655627ED9E7100672A71 /* Build configuration list for PBXNativeTarget "TableView_Swipe_ImagePicker_" */ = {
			isa = XCConfigurationList;
			buildConfigurations = (
				339D655727ED9E7100672A71 /* Debug */,
				339D655827ED9E7100672A71 /* Release */,
			);
			defaultConfigurationIsVisible = 0;
			defaultConfigurationName = Release;
		};
/* End XCConfigurationList section */
	};
	rootObject = 339D653A27ED9E7000672A71 /* Project object */;
}
